{
    "egulias/email-validator": {
        "version": "3.1.2"
    },
    "friendsofsymfony/user-bundle": {
        "version": "v2.2.2"
    },
    "swiftmailer/swiftmailer": {
        "version": "v6.3.0"
    },
    "symfony/form": {
        "version": "v4.4.33"
    },
    "symfony/intl": {
        "version": "v5.3.8"
    },
    "symfony/options-resolver": {
        "version": "v5.3.7"
    },
    "symfony/security-bundle": {
        "version": "4.4",
        "recipe": {
            "repo": "github.com/symfony/recipes",
            "branch": "master",
            "version": "4.4",
            "ref": "7b4408dc203049666fe23fabed23cbadc6d8440f"
        },
        "files": [
            "config/packages/security.yaml"
        ]
    },
    "symfony/security-csrf": {
        "version": "v5.2.12"
    },
    "symfony/security-guard": {
        "version": "v4.4.27"
    },
    "symfony/security-http": {
        "version": "v4.4.30"
    },
    "symfony/swiftmailer-bundle": {
        "version": "3.5",
        "recipe": {
            "repo": "github.com/symfony/recipes",
            "branch": "master",
            "version": "2.5",
            "ref": "f0b2fccdca2dfd97dc2fd5ad216d5e27c4f895ac"
        },
        "files": [
            "config/packages/test/swiftmailer.yaml",
            "config/packages/swiftmailer.yaml",
            "config/packages/dev/swiftmailer.yaml"
        ]
    },
    "symfony/templating": {
        "version": "v4.4.30"
    },
    "symfony/translation": {
        "version": "4.4",
        "recipe": {
            "repo": "github.com/symfony/recipes",
            "branch": "master",
            "version": "3.3",
            "ref": "2ad9d2545bce8ca1a863e50e92141f0b9d87ffcd"
        },
        "files": [
            "config/packages/translation.yaml",
            "translations/.gitignore"
        ]
    },
    "symfony/translation-contracts": {
        "version": "v2.4.0"
    },
    "symfony/twig-bridge": {
        "version": "v4.4.27"
    },
    "symfony/twig-bundle": {
        "version": "4.4",
        "recipe": {
            "repo": "github.com/symfony/recipes",
            "branch": "master",
            "version": "4.4",
            "ref": "73baff3f7b3cea12a73812a7cfd2c0924a9e250f"
        },
        "files": [
            "config/packages/test/twig.yaml",
            "config/packages/twig.yaml",
            "templates/base.html.twig"
        ]
    },
    "symfony/validator": {
        "version": "4.4",
        "recipe": {
            "repo": "github.com/symfony/recipes",
            "branch": "master",
            "version": "4.3",
            "ref": "3eb8df139ec05414489d55b97603c5f6ca0c44cb"
        },
        "files": [
            "config/packages/validator.yaml",
            "config/packages/test/validator.yaml"
        ]
    },
    "twig/twig": {
        "version": "v3.3.3"
    }
}
